{
  "name": "3delem3nts",
  "version": "1.0.0",
  "lockfileVersion": 1,
  "requires": true,
  "dependencies": {
    "binpack-2d": {
      "version": "1.4.1",
      "resolved": "https://registry.npmjs.org/binpack-2d/-/binpack-2d-1.4.1.tgz",
      "integrity": "sha512-kO5uEBoKVEFuvRni3GOQ4VkIw0up1wvtgIt4i6Gjlj8+K8IbzfZDxYPxypeiWcMjLDgRMefrtyPzU1rwwm9LDw=="
    }
  }
}
